
Microsoft Visual Studio Solution File, Format Version 12.00
# Visual Studio Version 16
VisualStudioVersion = 16.0.32901.82
MinimumVisualStudioVersion = 10.0.40219.1
Project("{9A19103F-16F7-4668-BE54-9A1E7A4F7556}") = "CollateralManagement", "CollateralManagement\CollateralManagement.csproj", "{0651E7E2-4401-4773-B53E-A8F84C063B65}"
EndProject
Global
	GlobalSection(SolutionConfigurationPlatforms) = preSolution
		Debug|Any CPU = Debug|Any CPU
		Release|Any CPU = Release|Any CPU
	EndGlobalSection
	GlobalSection(ProjectConfigurationPlatforms) = postSolution
		{0651E7E2-4401-4773-B53E-A8F84C063B65}.Debug|Any CPU.ActiveCfg = Debug|Any CPU
		{0651E7E2-4401-4773-B53E-A8F84C063B65}.Debug|Any CPU.Build.0 = Debug|Any CPU
		{0651E7E2-4401-4773-B53E-A8F84C063B65}.Release|Any CPU.ActiveCfg = Release|Any CPU
		{0651E7E2-4401-4773-B53E-A8F84C063B65}.Release|Any CPU.Build.0 = Release|Any CPU
	EndGlobalSection
	GlobalSection(SolutionProperties) = preSolution
		HideSolutionNode = FALSE
	EndGlobalSection
	GlobalSection(ExtensibilityGlobals) = postSolution
		SolutionGuid = {A1535184-4AB3-4851-AE9F-9A30B07AD031}
	EndGlobalSection
EndGlobal
